
Microsoft Visual Studio Solution File, Format Version 12.00
# Visual Studio Version 17
VisualStudioVersion = 17.14.36203.30 d17.14
MinimumVisualStudioVersion = 10.0.40219.1
Project("{FAE04EC0-301F-11D3-BF4B-00C04F79EFBC}") = "Assignment 11.2.2", "Assignment 11.2.2.csproj", "{A42BF00E-AEF8-4351-9609-3D65371ED921}"
EndProject
Global
	GlobalSection(SolutionConfigurationPlatforms) = preSolution
		Debug|Any CPU = Debug|Any CPU
		Release|Any CPU = Release|Any CPU
	EndGlobalSection
	GlobalSection(ProjectConfigurationPlatforms) = postSolution
		{A42BF00E-AEF8-4351-9609-3D65371ED921}.Debug|Any CPU.ActiveCfg = Debug|Any CPU
		{A42BF00E-AEF8-4351-9609-3D65371ED921}.Debug|Any CPU.Build.0 = Debug|Any CPU
		{A42BF00E-AEF8-4351-9609-3D65371ED921}.Release|Any CPU.ActiveCfg = Release|Any CPU
		{A42BF00E-AEF8-4351-9609-3D65371ED921}.Release|Any CPU.Build.0 = Release|Any CPU
	EndGlobalSection
	GlobalSection(SolutionProperties) = preSolution
		HideSolutionNode = FALSE
	EndGlobalSection
	GlobalSection(ExtensibilityGlobals) = postSolution
		SolutionGuid = {1DC94769-E70E-4A57-B96F-3B3AF9E8FA1B}
	EndGlobalSection
EndGlobal
